PODS:
  - google-cast-sdk (4.4.2):
    - google-cast-sdk/Core (= 4.4.2)
    - Protobuf (~> 3.0)
  - google-cast-sdk/Core (4.4.2):
    - Protobuf (~> 3.0)
  - Material (3.1.4):
    - Material/Core (= 3.1.4)
  - Material/Core (3.1.4):
    - Motion (~> 3.1.0)
  - Motion (3.1.1):
    - Motion/Core (= 3.1.1)
  - Motion/Core (3.1.1)
  - ObjcExceptionBridging (1.0.1):
    - ObjcExceptionBridging/ObjcExceptionBridging (= 1.0.1)
  - ObjcExceptionBridging/ObjcExceptionBridging (1.0.1)
  - Protobuf (3.8.0)
  - XCGLogger (7.0.0):
    - XCGLogger/Core (= 7.0.0)
  - XCGLogger/Core (7.0.0):
    - ObjcExceptionBridging

DEPENDENCIES:
  - google-cast-sdk (< 5.0, >= 4.3.4)
  - Material (~> 3.1.0)
  - XCGLogger (~> 7.0.0)

SPEC REPOS:
  https://github.com/cocoapods/specs.git:
    - google-cast-sdk
    - Material
    - Motion
    - ObjcExceptionBridging
    - Protobuf
    - XCGLogger

SPEC CHECKSUMS:
  google-cast-sdk: ac9ea41d61026406869bf696b2e7f87971a4cf1f
  Material: 3622a0e18c8114e701b9d8509c3c4af28ed69ed8
  Motion: f115b33f36cc52472a25a965daa89b3859817de0
  ObjcExceptionBridging: c30e00eb3700467e695faeea30e26e18bd445001
  Protobuf: 3f617b9a6e73605565086864c9bc26b2bf2dd5a3
  XCGLogger: 0434f15e3909cdc450bb63faf638b8792ab782ab

PODFILE CHECKSUM: 6e9f5244cb435d0d271c618888d7e235dcf91627

COCOAPODS: 1.7.0
