// !$*UTF8*$!
{
	archiveVersion = 1;
	classes = {
	};
	objectVersion = 50;
	objects = {

/* Begin PBXBuildFile section */
		4C1A4DD222AA78E4006004E8 /* AppDelegate.swift in Sources */ = {isa = PBXBuildFile; fileRef = 4C1A4DD122AA78E4006004E8 /* AppDelegate.swift */; };
		4C1A4DD422AA78E4006004E8 /* ViewController.swift in Sources */ = {isa = PBXBuildFile; fileRef = 4C1A4DD322AA78E4006004E8 /* ViewController.swift */; };
		4C1A4DD722AA78E4006004E8 /* Main.storyboard in Resources */ = {isa = PBXBuildFile; fileRef = 4C1A4DD522AA78E4006004E8 /* Main.storyboard */; };
		4C1A4DD922AA78E5006004E8 /* Assets.xcassets in Resources */ = {isa = PBXBuildFile; fileRef = 4C1A4DD822AA78E5006004E8 /* Assets.xcassets */; };
		4C1A4DDC22AA78E5006004E8 /* LaunchScreen.storyboard in Resources */ = {isa = PBXBuildFile; fileRef = 4C1A4DDA22AA78E5006004E8 /* LaunchScreen.storyboard */; };
		4C1A4DE722AA78E5006004E8 /* MiniCastTests.swift in Sources */ = {isa = PBXBuildFile; fileRef = 4C1A4DE622AA78E5006004E8 /* MiniCastTests.swift */; };
		4C1A4DF222AA78E5006004E8 /* MiniCastUITests.swift in Sources */ = {isa = PBXBuildFile; fileRef = 4C1A4DF122AA78E5006004E8 /* MiniCastUITests.swift */; };
/* End PBXBuildFile section */

/* Begin PBXContainerItemProxy section */
		4C1A4DE322AA78E5006004E8 /* PBXContainerItemProxy */ = {
			isa = PBXContainerItemProxy;
			containerPortal = 4C1A4DC622AA78E4006004E8 /* Project object */;
			proxyType = 1;
			remoteGlobalIDString = 4C1A4DCD22AA78E4006004E8;
			remoteInfo = MiniCast;
		};
		4C1A4DEE22AA78E5006004E8 /* PBXContainerItemProxy */ = {
			isa = PBXContainerItemProxy;
			containerPortal = 4C1A4DC622AA78E4006004E8 /* Project object */;
			proxyType = 1;
			remoteGlobalIDString = 4C1A4DCD22AA78E4006004E8;
			remoteInfo = MiniCast;
		};
/* End PBXContainerItemProxy section */

/* Begin PBXFileReference section */
		4C1A4DCE22AA78E4006004E8 /* MiniCast.app */ = {isa = PBXFileReference; explicitFileType = wrapper.application; includeInIndex = 0; path = MiniCast.app; sourceTree = BUILT_PRODUCTS_DIR; };
		4C1A4DD122AA78E4006004E8 /* AppDelegate.swift */ = {isa = PBXFileReference; lastKnownFileType = sourcecode.swift; path = AppDelegate.swift; sourceTree = "<group>"; };
		4C1A4DD322AA78E4006004E8 /* ViewController.swift */ = {isa = PBXFileReference; lastKnownFileType = sourcecode.swift; path = ViewController.swift; sourceTree = "<group>"; };
		4C1A4DD622AA78E4006004E8 /* Base */ = {isa = PBXFileReference; lastKnownFileType = file.storyboard; name = Base; path = Base.lproj/Main.storyboard; sourceTree = "<group>"; };
		4C1A4DD822AA78E5006004E8 /* Assets.xcassets */ = {isa = PBXFileReference; lastKnownFileType = folder.assetcatalog; path = Assets.xcassets; sourceTree = "<group>"; };
		4C1A4DDB22AA78E5006004E8 /* Base */ = {isa = PBXFileReference; lastKnownFileType = file.storyboard; name = Base; path = Base.lproj/LaunchScreen.storyboard; sourceTree = "<group>"; };
		4C1A4DDD22AA78E5006004E8 /* Info.plist */ = {isa = PBXFileReference; lastKnownFileType = text.plist.xml; path = Info.plist; sourceTree = "<group>"; };
		4C1A4DE222AA78E5006004E8 /* MiniCastTests.xctest */ = {isa = PBXFileReference; explicitFileType = wrapper.cfbundle; includeInIndex = 0; path = MiniCastTests.xctest; sourceTree = BUILT_PRODUCTS_DIR; };
		4C1A4DE622AA78E5006004E8 /* MiniCastTests.swift */ = {isa = PBXFileReference; lastKnownFileType = sourcecode.swift; path = MiniCastTests.swift; sourceTree = "<group>"; };
		4C1A4DE822AA78E5006004E8 /* Info.plist */ = {isa = PBXFileReference; lastKnownFileType = text.plist.xml; path = Info.plist; sourceTree = "<group>"; };
		4C1A4DED22AA78E5006004E8 /* MiniCastUITests.xctest */ = {isa = PBXFileReference; explicitFileType = wrapper.cfbundle; includeInIndex = 0; path = MiniCastUITests.xctest; sourceTree = BUILT_PRODUCTS_DIR; };
		4C1A4DF122AA78E5006004E8 /* MiniCastUITests.swift */ = {isa = PBXFileReference; lastKnownFileType = sourcecode.swift; path = MiniCastUITests.swift; sourceTree = "<group>"; };
		4C1A4DF322AA78E5006004E8 /* Info.plist */ = {isa = PBXFileReference; lastKnownFileType = text.plist.xml; path = Info.plist; sourceTree = "<group>"; };
/* End PBXFileReference section */

/* Begin PBXFrameworksBuildPhase section */
		4C1A4DCB22AA78E4006004E8 /* Frameworks */ = {
			isa = PBXFrameworksBuildPhase;
			buildActionMask = 2147483647;
			files = (
			);
			runOnlyForDeploymentPostprocessing = 0;
		};
		4C1A4DDF22AA78E5006004E8 /* Frameworks */ = {
			isa = PBXFrameworksBuildPhase;
			buildActionMask = 2147483647;
			files = (
			);
			runOnlyForDeploymentPostprocessing = 0;
		};
		4C1A4DEA22AA78E5006004E8 /* Frameworks */ = {
			isa = PBXFrameworksBuildPhase;
			buildActionMask = 2147483647;
			files = (
			);
			runOnlyForDeploymentPostprocessing = 0;
		};
/* End PBXFrameworksBuildPhase section */

/* Begin PBXGroup section */
		4C1A4DC522AA78E4006004E8 = {
			isa = PBXGroup;
			children = (
				4C1A4DD022AA78E4006004E8 /* MiniCast */,
				4C1A4DE522AA78E5006004E8 /* MiniCastTests */,
				4C1A4DF022AA78E5006004E8 /* MiniCastUITests */,
				4C1A4DCF22AA78E4006004E8 /* Products */,
			);
			sourceTree = "<group>";
		};
		4C1A4DCF22AA78E4006004E8 /* Products */ = {
			isa = PBXGroup;
			children = (
				4C1A4DCE22AA78E4006004E8 /* MiniCast.app */,
				4C1A4DE222AA78E5006004E8 /* MiniCastTests.xctest */,
				4C1A4DED22AA78E5006004E8 /* MiniCastUITests.xctest */,
			);
			name = Products;
			sourceTree = "<group>";
		};
		4C1A4DD022AA78E4006004E8 /* MiniCast */ = {
			isa = PBXGroup;
			children = (
				4C1A4DD122AA78E4006004E8 /* AppDelegate.swift */,
				4C1A4DD322AA78E4006004E8 /* ViewController.swift */,
				4C1A4DD522AA78E4006004E8 /* Main.storyboard */,
				4C1A4DD822AA78E5006004E8 /* Assets.xcassets */,
				4C1A4DDA22AA78E5006004E8 /* LaunchScreen.storyboard */,
				4C1A4DDD22AA78E5006004E8 /* Info.plist */,
			);
			path = MiniCast;
			sourceTree = "<group>";
		};
		4C1A4DE522AA78E5006004E8 /* MiniCastTests */ = {
			isa = PBXGroup;
			children = (
				4C1A4DE622AA78E5006004E8 /* MiniCastTests.swift */,
				4C1A4DE822AA78E5006004E8 /* Info.plist */,
			);
			path = MiniCastTests;
			sourceTree = "<group>";
		};
		4C1A4DF022AA78E5006004E8 /* MiniCastUITests */ = {
			isa = PBXGroup;
			children = (
				4C1A4DF122AA78E5006004E8 /* MiniCastUITests.swift */,
				4C1A4DF322AA78E5006004E8 /* Info.plist */,
			);
			path = MiniCastUITests;
			sourceTree = "<group>";
		};
/* End PBXGroup section */

/* Begin PBXNativeTarget section */
		4C1A4DCD22AA78E4006004E8 /* MiniCast */ = {
			isa = PBXNativeTarget;
			buildConfigurationList = 4C1A4DF622AA78E5006004E8 /* Build configuration list for PBXNativeTarget "MiniCast" */;
			buildPhases = (
				4C1A4DCA22AA78E4006004E8 /* Sources */,
				4C1A4DCB22AA78E4006004E8 /* Frameworks */,
				4C1A4DCC22AA78E4006004E8 /* Resources */,
			);
			buildRules = (
			);
			dependencies = (
			);
			name = MiniCast;
			productName = MiniCast;
			productReference = 4C1A4DCE22AA78E4006004E8 /* MiniCast.app */;
			productType = "com.apple.product-type.application";
		};
		4C1A4DE122AA78E5006004E8 /* MiniCastTests */ = {
			isa = PBXNativeTarget;
			buildConfigurationList = 4C1A4DF922AA78E5006004E8 /* Build configuration list for PBXNativeTarget "MiniCastTests" */;
			buildPhases = (
				4C1A4DDE22AA78E5006004E8 /* Sources */,
				4C1A4DDF22AA78E5006004E8 /* Frameworks */,
				4C1A4DE022AA78E5006004E8 /* Resources */,
			);
			buildRules = (
			);
			dependencies = (
				4C1A4DE422AA78E5006004E8 /* PBXTargetDependency */,
			);
			name = MiniCastTests;
			productName = MiniCastTests;
			productReference = 4C1A4DE222AA78E5006004E8 /* MiniCastTests.xctest */;
			productType = "com.apple.product-type.bundle.unit-test";
		};
		4C1A4DEC22AA78E5006004E8 /* MiniCastUITests */ = {
			isa = PBXNativeTarget;
			buildConfigurationList = 4C1A4DFC22AA78E5006004E8 /* Build configuration list for PBXNativeTarget "MiniCastUITests" */;
			buildPhases = (
				4C1A4DE922AA78E5006004E8 /* Sources */,
				4C1A4DEA22AA78E5006004E8 /* Frameworks */,
				4C1A4DEB22AA78E5006004E8 /* Resources */,
			);
			buildRules = (
			);
			dependencies = (
				4C1A4DEF22AA78E5006004E8 /* PBXTargetDependency */,
			);
			name = MiniCastUITests;
			productName = MiniCastUITests;
			productReference = 4C1A4DED22AA78E5006004E8 /* MiniCastUITests.xctest */;
			productType = "com.apple.product-type.bundle.ui-testing";
		};
/* End PBXNativeTarget section */

/* Begin PBXProject section */
		4C1A4DC622AA78E4006004E8 /* Project object */ = {
			isa = PBXProject;
			attributes = {
				LastSwiftUpdateCheck = 1020;
				LastUpgradeCheck = 1020;
				ORGANIZATIONNAME = "Coder Life";
				TargetAttributes = {
					4C1A4DCD22AA78E4006004E8 = {
						CreatedOnToolsVersion = 10.2.1;
					};
					4C1A4DE122AA78E5006004E8 = {
						CreatedOnToolsVersion = 10.2.1;
						TestTargetID = 4C1A4DCD22AA78E4006004E8;
					};
					4C1A4DEC22AA78E5006004E8 = {
						CreatedOnToolsVersion = 10.2.1;
						TestTargetID = 4C1A4DCD22AA78E4006004E8;
					};
				};
			};
			buildConfigurationList = 4C1A4DC922AA78E4006004E8 /* Build configuration list for PBXProject "MiniCast" */;
			compatibilityVersion = "Xcode 9.3";
			developmentRegion = en;
			hasScannedForEncodings = 0;
			knownRegions = (
				en,
				Base,
			);
			mainGroup = 4C1A4DC522AA78E4006004E8;
			productRefGroup = 4C1A4DCF22AA78E4006004E8 /* Products */;
			projectDirPath = "";
			projectRoot = "";
			targets = (
				4C1A4DCD22AA78E4006004E8 /* MiniCast */,
				4C1A4DE122AA78E5006004E8 /* MiniCastTests */,
				4C1A4DEC22AA78E5006004E8 /* MiniCastUITests */,
			);
		};
/* End PBXProject section */

/* Begin PBXResourcesBuildPhase section */
		4C1A4DCC22AA78E4006004E8 /* Resources */ = {
			isa = PBXResourcesBuildPhase;
			buildActionMask = 2147483647;
			files = (
				4C1A4DDC22AA78E5006004E8 /* LaunchScreen.storyboard in Resources */,
				4C1A4DD922AA78E5006004E8 /* Assets.xcassets in Resources */,
				4C1A4DD722AA78E4006004E8 /* Main.storyboard in Resources */,
			);
			runOnlyForDeploymentPostprocessing = 0;
		};
		4C1A4DE022AA78E5006004E8 /* Resources */ = {
			isa = PBXResourcesBuildPhase;
			buildActionMask = 2147483647;
			files = (
			);
			runOnlyForDeploymentPostprocessing = 0;
		};
		4C1A4DEB22AA78E5006004E8 /* Resources */ = {
			isa = PBXResourcesBuildPhase;
			buildActionMask = 2147483647;
			files = (
			);
			runOnlyForDeploymentPostprocessing = 0;
		};
/* End PBXResourcesBuildPhase section */

/* Begin PBXSourcesBuildPhase section */
		4C1A4DCA22AA78E4006004E8 /* Sources */ = {
			isa = PBXSourcesBuildPhase;
			buildActionMask = 2147483647;
			files = (
				4C1A4DD422AA78E4006004E8 /* ViewController.swift in Sources */,
				4C1A4DD222AA78E4006004E8 /* AppDelegate.swift in Sources */,
			);
			runOnlyForDeploymentPostprocessing = 0;
		};
		4C1A4DDE22AA78E5006004E8 /* Sources */ = {
			isa = PBXSourcesBuildPhase;
			buildActionMask = 2147483647;
			files = (
				4C1A4DE722AA78E5006004E8 /* MiniCastTests.swift in Sources */,
			);
			runOnlyForDeploymentPostprocessing = 0;
		};
		4C1A4DE922AA78E5006004E8 /* Sources */ = {
			isa = PBXSourcesBuildPhase;
			buildActionMask = 2147483647;
			files = (
				4C1A4DF222AA78E5006004E8 /* MiniCastUITests.swift in Sources */,
			);
			runOnlyForDeploymentPostprocessing = 0;
		};
/* End PBXSourcesBuildPhase section */

/* Begin PBXTargetDependency section */
		4C1A4DE422AA78E5006004E8 /* PBXTargetDependency */ = {
			isa = PBXTargetDependency;
			target = 4C1A4DCD22AA78E4006004E8 /* MiniCast */;
			targetProxy = 4C1A4DE322AA78E5006004E8 /* PBXContainerItemProxy */;
		};
		4C1A4DEF22AA78E5006004E8 /* PBXTargetDependency */ = {
			isa = PBXTargetDependency;
			target = 4C1A4DCD22AA78E4006004E8 /* MiniCast */;
			targetProxy = 4C1A4DEE22AA78E5006004E8 /* PBXContainerItemProxy */;
		};
/* End PBXTargetDependency section */

/* Begin PBXVariantGroup section */
		4C1A4DD522AA78E4006004E8 /* Main.storyboard */ = {
			isa = PBXVariantGroup;
			children = (
				4C1A4DD622AA78E4006004E8 /* Base */,
			);
			name = Main.storyboard;
			sourceTree = "<group>";
		};
		4C1A4DDA22AA78E5006004E8 /* LaunchScreen.storyboard */ = {
			isa = PBXVariantGroup;
			children = (
				4C1A4DDB22AA78E5006004E8 /* Base */,
			);
			name = LaunchScreen.storyboard;
			sourceTree = "<group>";
		};
/* End PBXVariantGroup section */

/* Begin XCBuildConfiguration section */
		4C1A4DF422AA78E5006004E8 /* Debug */ = {
			isa = XCBuildConfiguration;
			buildSettings = {
				ALWAYS_SEARCH_USER_PATHS = NO;
				CLANG_ANALYZER_NONNULL = YES;
				CLANG_ANALYZER_NUMBER_OBJECT_CONVERSION = YES_AGGRESSIVE;
				CLANG_CXX_LANGUAGE_STANDARD = "gnu++14";
				CLANG_CXX_LIBRARY = "libc++";
				CLANG_ENABLE_MODULES = YES;
				CLANG_ENABLE_OBJC_ARC = YES;
				CLANG_ENABLE_OBJC_WEAK = YES;
				CLANG_WARN_BLOCK_CAPTURE_AUTORELEASING = YES;
				CLANG_WARN_BOOL_CONVERSION = YES;
				CLANG_WARN_COMMA = YES;
				CLANG_WARN_CONSTANT_CONVERSION = YES;
				CLANG_WARN_DEPRECATED_OBJC_IMPLEMENTATIONS = YES;
				CLANG_WARN_DIRECT_OBJC_ISA_USAGE = YES_ERROR;
				CLANG_WARN_DOCUMENTATION_COMMENTS = YES;
				CLANG_WARN_EMPTY_BODY = YES;
				CLANG_WARN_ENUM_CONVERSION = YES;
				CLANG_WARN_INFINITE_RECURSION = YES;
				CLANG_WARN_INT_CONVERSION = YES;
				CLANG_WARN_NON_LITERAL_NULL_CONVERSION = YES;
				CLANG_WARN_OBJC_IMPLICIT_RETAIN_SELF = YES;
				CLANG_WARN_OBJC_LITERAL_CONVERSION = YES;
				CLANG_WARN_OBJC_ROOT_CLASS = YES_ERROR;
				CLANG_WARN_RANGE_LOOP_ANALYSIS = YES;
				CLANG_WARN_STRICT_PROTOTYPES = YES;
				CLANG_WARN_SUSPICIOUS_MOVE = YES;
				CLANG_WARN_UNGUARDED_AVAILABILITY = YES_AGGRESSIVE;
				CLANG_WARN_UNREACHABLE_CODE = YES;
				CLANG_WARN__DUPLICATE_METHOD_MATCH = YES;
				CODE_SIGN_IDENTITY = "iPhone Developer";
				COPY_PHASE_STRIP = NO;
				DEBUG_INFORMATION_FORMAT = dwarf;
				ENABLE_STRICT_OBJC_MSGSEND = YES;
				ENABLE_TESTABILITY = YES;
				GCC_C_LANGUAGE_STANDARD = gnu11;
				GCC_DYNAMIC_NO_PIC = NO;
				GCC_NO_COMMON_BLOCKS = YES;
				GCC_OPTIMIZATION_LEVEL = 0;
				GCC_PREPROCESSOR_DEFINITIONS = (
					"DEBUG=1",
					"$(inherited)",
				);
				GCC_WARN_64_TO_32_BIT_CONVERSION = YES;
				GCC_WARN_ABOUT_RETURN_TYPE = YES_ERROR;
				GCC_WARN_UNDECLARED_SELECTOR = YES;
				GCC_WARN_UNINITIALIZED_AUTOS = YES_AGGRESSIVE;
				GCC_WARN_UNUSED_FUNCTION = YES;
				GCC_WARN_UNUSED_VARIABLE = YES;
				IPHONEOS_DEPLOYMENT_TARGET = 12.2;
				MTL_ENABLE_DEBUG_INFO = INCLUDE_SOURCE;
				MTL_FAST_MATH = YES;
				ONLY_ACTIVE_ARCH = YES;
				SDKROOT = iphoneos;
				SWIFT_ACTIVE_COMPILATION_CONDITIONS = DEBUG;
				SWIFT_OPTIMIZATION_LEVEL = "-Onone";
			};
			name = Debug;
		};
		4C1A4DF522AA78E5006004E8 /* Release */ = {
			isa = XCBuildConfiguration;
			buildSettings = {
				ALWAYS_SEARCH_USER_PATHS = NO;
				CLANG_ANALYZER_NONNULL = YES;
				CLANG_ANALYZER_NUMBER_OBJECT_CONVERSION = YES_AGGRESSIVE;
				CLANG_CXX_LANGUAGE_STANDARD = "gnu++14";
				CLANG_CXX_LIBRARY = "libc++";
				CLANG_ENABLE_MODULES = YES;
				CLANG_ENABLE_OBJC_ARC = YES;
				CLANG_ENABLE_OBJC_WEAK = YES;
				CLANG_WARN_BLOCK_CAPTURE_AUTORELEASING = YES;
				CLANG_WARN_BOOL_CONVERSION = YES;
				CLANG_WARN_COMMA = YES;
				CLANG_WARN_CONSTANT_CONVERSION = YES;
				CLANG_WARN_DEPRECATED_OBJC_IMPLEMENTATIONS = YES;
				CLANG_WARN_DIRECT_OBJC_ISA_USAGE = YES_ERROR;
				CLANG_WARN_DOCUMENTATION_COMMENTS = YES;
				CLANG_WARN_EMPTY_BODY = YES;
				CLANG_WARN_ENUM_CONVERSION = YES;
				CLANG_WARN_INFINITE_RECURSION = YES;
				CLANG_WARN_INT_CONVERSION = YES;
				CLANG_WARN_NON_LITERAL_NULL_CONVERSION = YES;
				CLANG_WARN_OBJC_IMPLICIT_RETAIN_SELF = YES;
				CLANG_WARN_OBJC_LITERAL_CONVERSION = YES;
				CLANG_WARN_OBJC_ROOT_CLASS = YES_ERROR;
				CLANG_WARN_RANGE_LOOP_ANALYSIS = YES;
				CLANG_WARN_STRICT_PROTOTYPES = YES;
				CLANG_WARN_SUSPICIOUS_MOVE = YES;
				CLANG_WARN_UNGUARDED_AVAILABILITY = YES_AGGRESSIVE;
				CLANG_WARN_UNREACHABLE_CODE = YES;
				CLANG_WARN__DUPLICATE_METHOD_MATCH = YES;
				CODE_SIGN_IDENTITY = "iPhone Developer";
				COPY_PHASE_STRIP = NO;
				DEBUG_INFORMATION_FORMAT = "dwarf-with-dsym";
				ENABLE_NS_ASSERTIONS = NO;
				ENABLE_STRICT_OBJC_MSGSEND = YES;
				GCC_C_LANGUAGE_STANDARD = gnu11;
				GCC_NO_COMMON_BLOCKS = YES;
				GCC_WARN_64_TO_32_BIT_CONVERSION = YES;
				GCC_WARN_ABOUT_RETURN_TYPE = YES_ERROR;
				GCC_WARN_UNDECLARED_SELECTOR = YES;
				GCC_WARN_UNINITIALIZED_AUTOS = YES_AGGRESSIVE;
				GCC_WARN_UNUSED_FUNCTION = YES;
				GCC_WARN_UNUSED_VARIABLE = YES;
				IPHONEOS_DEPLOYMENT_TARGET = 12.2;
				MTL_ENABLE_DEBUG_INFO = NO;
				MTL_FAST_MATH = YES;
				SDKROOT = iphoneos;
				SWIFT_COMPILATION_MODE = wholemodule;
				SWIFT_OPTIMIZATION_LEVEL = "-O";
				VALIDATE_PRODUCT = YES;
			};
			name = Release;
		};
		4C1A4DF722AA78E5006004E8 /* Debug */ = {
			isa = XCBuildConfiguration;
			buildSettings = {
				ASSETCATALOG_COMPILER_APPICON_NAME = AppIcon;
				CODE_SIGN_STYLE = Automatic;
				DEVELOPMENT_TEAM = DVKPWWHTCM;
				INFOPLIST_FILE = MiniCast/Info.plist;
				LD_RUNPATH_SEARCH_PATHS = (
					"$(inherited)",
					"@executable_path/Frameworks",
				);
				PRODUCT_BUNDLE_IDENTIFIER = life.coder.MiniCast;
				PRODUCT_NAME = "$(TARGET_NAME)";
				SWIFT_VERSION = 5.0;
				TARGETED_DEVICE_FAMILY = "1,2";
			};
			name = Debug;
		};
		4C1A4DF822AA78E5006004E8 /* Release */ = {
			isa = XCBuildConfiguration;
			buildSettings = {
				ASSETCATALOG_COMPILER_APPICON_NAME = AppIcon;
				CODE_SIGN_STYLE = Automatic;
				DEVELOPMENT_TEAM = DVKPWWHTCM;
				INFOPLIST_FILE = MiniCast/Info.plist;
				LD_RUNPATH_SEARCH_PATHS = (
					"$(inherited)",
					"@executable_path/Frameworks",
				);
				PRODUCT_BUNDLE_IDENTIFIER = life.coder.MiniCast;
				PRODUCT_NAME = "$(TARGET_NAME)";
				SWIFT_VERSION = 5.0;
				TARGETED_DEVICE_FAMILY = "1,2";
			};
			name = Release;
		};
		4C1A4DFA22AA78E5006004E8 /* Debug */ = {
			isa = XCBuildConfiguration;
			buildSettings = {
				ALWAYS_EMBED_SWIFT_STANDARD_LIBRARIES = YES;
				BUNDLE_LOADER = "$(TEST_HOST)";
				CODE_SIGN_STYLE = Automatic;
				DEVELOPMENT_TEAM = DVKPWWHTCM;
				INFOPLIST_FILE = MiniCastTests/Info.plist;
				LD_RUNPATH_SEARCH_PATHS = (
					"$(inherited)",
					"@executable_path/Frameworks",
					"@loader_path/Frameworks",
				);
				PRODUCT_BUNDLE_IDENTIFIER = life.coder.MiniCastTests;
				PRODUCT_NAME = "$(TARGET_NAME)";
				SWIFT_VERSION = 5.0;
				TARGETED_DEVICE_FAMILY = "1,2";
				TEST_HOST = "$(BUILT_PRODUCTS_DIR)/MiniCast.app/MiniCast";
			};
			name = Debug;
		};
		4C1A4DFB22AA78E5006004E8 /* Release */ = {
			isa = XCBuildConfiguration;
			buildSettings = {
				ALWAYS_EMBED_SWIFT_STANDARD_LIBRARIES = YES;
				BUNDLE_LOADER = "$(TEST_HOST)";
				CODE_SIGN_STYLE = Automatic;
				DEVELOPMENT_TEAM = DVKPWWHTCM;
				INFOPLIST_FILE = MiniCastTests/Info.plist;
				LD_RUNPATH_SEARCH_PATHS = (
					"$(inherited)",
					"@executable_path/Frameworks",
					"@loader_path/Frameworks",
				);
				PRODUCT_BUNDLE_IDENTIFIER = life.coder.MiniCastTests;
				PRODUCT_NAME = "$(TARGET_NAME)";
				SWIFT_VERSION = 5.0;
				TARGETED_DEVICE_FAMILY = "1,2";
				TEST_HOST = "$(BUILT_PRODUCTS_DIR)/MiniCast.app/MiniCast";
			};
			name = Release;
		};
		4C1A4DFD22AA78E5006004E8 /* Debug */ = {
			isa = XCBuildConfiguration;
			buildSettings = {
				ALWAYS_EMBED_SWIFT_STANDARD_LIBRARIES = YES;
				CODE_SIGN_STYLE = Automatic;
				DEVELOPMENT_TEAM = DVKPWWHTCM;
				INFOPLIST_FILE = MiniCastUITests/Info.plist;
				LD_RUNPATH_SEARCH_PATHS = (
					"$(inherited)",
					"@executable_path/Frameworks",
					"@loader_path/Frameworks",
				);
				PRODUCT_BUNDLE_IDENTIFIER = life.coder.MiniCastUITests;
				PRODUCT_NAME = "$(TARGET_NAME)";
				SWIFT_VERSION = 5.0;
				TARGETED_DEVICE_FAMILY = "1,2";
				TEST_TARGET_NAME = MiniCast;
			};
			name = Debug;
		};
		4C1A4DFE22AA78E5006004E8 /* Release */ = {
			isa = XCBuildConfiguration;
			buildSettings = {
				ALWAYS_EMBED_SWIFT_STANDARD_LIBRARIES = YES;
				CODE_SIGN_STYLE = Automatic;
				DEVELOPMENT_TEAM = DVKPWWHTCM;
				INFOPLIST_FILE = MiniCastUITests/Info.plist;
				LD_RUNPATH_SEARCH_PATHS = (
					"$(inherited)",
					"@executable_path/Frameworks",
					"@loader_path/Frameworks",
				);
				PRODUCT_BUNDLE_IDENTIFIER = life.coder.MiniCastUITests;
				PRODUCT_NAME = "$(TARGET_NAME)";
				SWIFT_VERSION = 5.0;
				TARGETED_DEVICE_FAMILY = "1,2";
				TEST_TARGET_NAME = MiniCast;
			};
			name = Release;
		};
/* End XCBuildConfiguration section */

/* Begin XCConfigurationList section */
		4C1A4DC922AA78E4006004E8 /* Build configuration list for PBXProject "MiniCast" */ = {
			isa = XCConfigurationList;
			buildConfigurations = (
				4C1A4DF422AA78E5006004E8 /* Debug */,
				4C1A4DF522AA78E5006004E8 /* Release */,
			);
			defaultConfigurationIsVisible = 0;
			defaultConfigurationName = Release;
		};
		4C1A4DF622AA78E5006004E8 /* Build configuration list for PBXNativeTarget "MiniCast" */ = {
			isa = XCConfigurationList;
			buildConfigurations = (
				4C1A4DF722AA78E5006004E8 /* Debug */,
				4C1A4DF822AA78E5006004E8 /* Release */,
			);
			defaultConfigurationIsVisible = 0;
			defaultConfigurationName = Release;
		};
		4C1A4DF922AA78E5006004E8 /* Build configuration list for PBXNativeTarget "MiniCastTests" */ = {
			isa = XCConfigurationList;
			buildConfigurations = (
				4C1A4DFA22AA78E5006004E8 /* Debug */,
				4C1A4DFB22AA78E5006004E8 /* Release */,
			);
			defaultConfigurationIsVisible = 0;
			defaultConfigurationName = Release;
		};
		4C1A4DFC22AA78E5006004E8 /* Build configuration list for PBXNativeTarget "MiniCastUITests" */ = {
			isa = XCConfigurationList;
			buildConfigurations = (
				4C1A4DFD22AA78E5006004E8 /* Debug */,
				4C1A4DFE22AA78E5006004E8 /* Release */,
			);
			defaultConfigurationIsVisible = 0;
			defaultConfigurationName = Release;
		};
/* End XCConfigurationList section */
	};
	rootObject = 4C1A4DC622AA78E4006004E8 /* Project object */;
}
